{
    "version": 3,
    "terraform_version": "0.11.8",
    "serial": 18,
    "lineage": "2fadb374-cca0-f160-7e3c-33fc66c9f3ed",
    "modules": [
        {
            "path": [
                "root"
            ],
            "outputs": {},
            "resources": {
                "data.oci_identity_availability_domains.ADs": {
                    "type": "oci_identity_availability_domains",
                    "depends_on": [],
                    "primary": {
                        "id": "2018-09-21 06:33:12.140185178 +0000 UTC",
                        "attributes": {
                            "availability_domains.#": "3",
                            "availability_domains.0.compartment_id": "ocid1.tenancy.oc1..aaaaaaaa6m7ysr7pgy5crmikohnh4t6i6ymbwummhj7rhdhvbk4amxlmxcya",
                            "availability_domains.0.name": "KQVA:US-ASHBURN-AD-1",
                            "availability_domains.1.compartment_id": "ocid1.tenancy.oc1..aaaaaaaa6m7ysr7pgy5crmikohnh4t6i6ymbwummhj7rhdhvbk4amxlmxcya",
                            "availability_domains.1.name": "KQVA:US-ASHBURN-AD-2",
                            "availability_domains.2.compartment_id": "ocid1.tenancy.oc1..aaaaaaaa6m7ysr7pgy5crmikohnh4t6i6ymbwummhj7rhdhvbk4amxlmxcya",
                            "availability_domains.2.name": "KQVA:US-ASHBURN-AD-3",
                            "compartment_id": "ocid1.tenancy.oc1..aaaaaaaa6m7ysr7pgy5crmikohnh4t6i6ymbwummhj7rhdhvbk4amxlmxcya",
                            "id": "2018-09-21 06:33:12.140185178 +0000 UTC"
                        },
                        "meta": {},
                        "tainted": false
                    },
                    "deposed": [],
                    "provider": "provider.oci"
                },
                "data.oci_objectstorage_namespace.ns": {
                    "type": "oci_objectstorage_namespace",
                    "depends_on": [],
                    "primary": {
                        "id": "2018-09-21 06:33:12.113852345 +0000 UTC",
                        "attributes": {
                            "id": "2018-09-21 06:33:12.113852345 +0000 UTC",
                            "namespace": "gse00015178"
                        },
                        "meta": {},
                        "tainted": false
                    },
                    "deposed": [],
                    "provider": "provider.oci"
                },
                "null_resource.upload_img": {
                    "type": "null_resource",
                    "depends_on": [],
                    "primary": {
                        "id": "3420236202216971395",
                        "attributes": {
                            "id": "3420236202216971395"
                        },
                        "meta": {},
                        "tainted": false
                    },
                    "deposed": [],
                    "provider": "provider.null"
                },
                "oci_core_image.image": {
                    "type": "oci_core_image",
                    "depends_on": [
                        "data.oci_objectstorage_namespace.ns",
                        "oci_objectstorage_bucket.bucket"
                    ],
                    "primary": {
                        "id": "ocid1.image.oc1.iad.aaaaaaaa3npccx65x54uxhbihmxzksfoaibjryfmbcioax5xu7ssnxtxvbta",
                        "attributes": {
                            "compartment_id": "ocid1.compartment.oc1..aaaaaaaae42euv5wijdag5u3e7ivkaskkmazlohfwnkxdwxu7jxiixtfylhq",
                            "create_image_allowed": "true",
                            "defined_tags.%": "0",
                            "display_name": "image20180921063316",
                            "freeform_tags.%": "0",
                            "id": "ocid1.image.oc1.iad.aaaaaaaa3npccx65x54uxhbihmxzksfoaibjryfmbcioax5xu7ssnxtxvbta",
                            "image_source_details.#": "1",
                            "image_source_details.0.bucket_name": "DogBucket",
                            "image_source_details.0.namespace_name": "gse00015178",
                            "image_source_details.0.object_name": "StBernard",
                            "image_source_details.0.source_image_type": "",
                            "image_source_details.0.source_type": "objectStorageTuple",
                            "image_source_details.0.source_uri": "",
                            "launch_mode": "NATIVE",
                            "launch_options.#": "1",
                            "launch_options.0.boot_volume_type": "ISCSI",
                            "launch_options.0.firmware": "UEFI_64",
                            "launch_options.0.network_type": "VFIO",
                            "launch_options.0.remote_data_volume_type": "PARAVIRTUALIZED",
                            "operating_system": "Custom",
                            "operating_system_version": "Custom",
                            "size_in_mbs": "47694",
                            "state": "AVAILABLE",
                            "time_created": "2018-09-21 06:33:16.239 +0000 UTC"
                        },
                        "meta": {
                            "e2bfb730-ecaa-11e6-8f88-34363bc7c4c0": {
                                "create": 7200000000000,
                                "delete": 7200000000000,
                                "update": 7200000000000
                            }
                        },
                        "tainted": false
                    },
                    "deposed": [],
                    "provider": "provider.oci"
                },
                "oci_core_instance.server_goldenretriever": {
                    "type": "oci_core_instance",
                    "depends_on": [
                        "data.oci_identity_availability_domains.ADs",
                        "oci_core_image.image",
                        "oci_core_subnet.subnet_dog"
                    ],
                    "primary": {
                        "id": "ocid1.instance.oc1.iad.abuwcljr45543hugylfpugnsxmpovjebreewx2qpjsls7ovkny3mm4fswi3q",
                        "attributes": {
                            "availability_domain": "KQVA:US-ASHBURN-AD-3",
                            "boot_volume_id": "ocid1.bootvolume.oc1.iad.abuwcljr3ebwzn7aj7om4advnech4qm4meew7ouj2ozo3p7we45mrvcgbssa",
                            "compartment_id": "ocid1.compartment.oc1..aaaaaaaae42euv5wijdag5u3e7ivkaskkmazlohfwnkxdwxu7jxiixtfylhq",
                            "create_vnic_details.#": "1",
                            "create_vnic_details.0.assign_public_ip": "true",
                            "create_vnic_details.0.defined_tags.%": "0",
                            "create_vnic_details.0.display_name": "primaryvnicpup",
                            "create_vnic_details.0.freeform_tags.%": "0",
                            "create_vnic_details.0.hostname_label": "webserverdoggo",
                            "create_vnic_details.0.private_ip": "10.0.1.2",
                            "create_vnic_details.0.skip_source_dest_check": "false",
                            "create_vnic_details.0.subnet_id": "ocid1.subnet.oc1.iad.aaaaaaaa45uugasgmqs2cyqit46k6fuvbtfxaaumqigrcxroqkouxtcb6tja",
                            "defined_tags.%": "0",
                            "display_name": "server_goldenretriever",
                            "fault_domain": "FAULT-DOMAIN-2",
                            "freeform_tags.%": "0",
                            "hostname_label": "webserverdoggo",
                            "id": "ocid1.instance.oc1.iad.abuwcljr45543hugylfpugnsxmpovjebreewx2qpjsls7ovkny3mm4fswi3q",
                            "image": "ocid1.image.oc1.iad.aaaaaaaa3npccx65x54uxhbihmxzksfoaibjryfmbcioax5xu7ssnxtxvbta",
                            "launch_mode": "NATIVE",
                            "launch_options.#": "1",
                            "launch_options.0.boot_volume_type": "ISCSI",
                            "launch_options.0.firmware": "UEFI_64",
                            "launch_options.0.network_type": "VFIO",
                            "launch_options.0.remote_data_volume_type": "PARAVIRTUALIZED",
                            "metadata.%": "1",
                            "metadata.ssh_authorized_keys": "ssh-rsa AAAAB3NzaC1yc2EAAAADAQABAAABAQDH9HhssiRFrJBMeYe3NVvKkLzeUQGf/PKgGVThplUgyMu3oHKl/cTnpH7sH24bA6xpsAKfvyHuyRtlRiB+sbxTmbCAQOid4OkS3Nwqirr65qTslafbeXVOQ33VfDIKGIOsCDSsI4FS3pFp8c+8UxJvBJVqEztXbHrtQRjv5XNC4KT9aqfSr3RUw6S3JpsGttcpnQge9NtsqzbvZECIqd1zTG6ThAChumlpxwZiaF80jSa1CFVXD8rlaSOgqUkAQrI98yjXFb6V5+NooERwo1LMr18LhjHln/1big85NeVw5ttTAuVMtWnA8Y/JYa5ca859pzFKB8rxQoGiCUej3UB9 opc@compute-1",
                            "private_ip": "10.0.1.2",
                            "public_ip": "129.213.26.188",
                            "region": "iad",
                            "shape": "VM.Standard1.1",
                            "source_details.#": "1",
                            "source_details.0.boot_volume_size_in_gbs": "47",
                            "source_details.0.source_id": "ocid1.image.oc1.iad.aaaaaaaa3npccx65x54uxhbihmxzksfoaibjryfmbcioax5xu7ssnxtxvbta",
                            "source_details.0.source_type": "image",
                            "state": "RUNNING",
                            "subnet_id": "ocid1.subnet.oc1.iad.aaaaaaaa45uugasgmqs2cyqit46k6fuvbtfxaaumqigrcxroqkouxtcb6tja",
                            "time_created": "2018-09-21 06:50:39.053 +0000 UTC"
                        },
                        "meta": {
                            "e2bfb730-ecaa-11e6-8f88-34363bc7c4c0": {
                                "create": 7200000000000,
                                "delete": 7200000000000,
                                "update": 7200000000000
                            }
                        },
                        "tainted": false
                    },
                    "deposed": [],
                    "provider": "provider.oci"
                },
                "oci_core_internet_gateway.internetdoggateway": {
                    "type": "oci_core_internet_gateway",
                    "depends_on": [
                        "oci_core_virtual_network.vcn_of_puppies"
                    ],
                    "primary": {
                        "id": "ocid1.internetgateway.oc1.iad.aaaaaaaagor7ud42kyimi7uckwgacu6jhzvuuo37sdlj3t5imuvwmfklnqja",
                        "attributes": {
                            "compartment_id": "ocid1.compartment.oc1..aaaaaaaae42euv5wijdag5u3e7ivkaskkmazlohfwnkxdwxu7jxiixtfylhq",
                            "defined_tags.%": "0",
                            "display_name": "internetdoggateway",
                            "enabled": "true",
                            "freeform_tags.%": "0",
                            "id": "ocid1.internetgateway.oc1.iad.aaaaaaaagor7ud42kyimi7uckwgacu6jhzvuuo37sdlj3t5imuvwmfklnqja",
                            "state": "AVAILABLE",
                            "time_created": "2018-09-21 04:00:22.058 +0000 UTC",
                            "vcn_id": "ocid1.vcn.oc1.iad.aaaaaaaaccxsa7t7hkw5agqjud2a2qpenthf6ay3iuikqzv5w4betqysydha"
                        },
                        "meta": {
                            "e2bfb730-ecaa-11e6-8f88-34363bc7c4c0": {
                                "create": 900000000000,
                                "delete": 900000000000,
                                "update": 900000000000
                            }
                        },
                        "tainted": false
                    },
                    "deposed": [],
                    "provider": "provider.oci"
                },
                "oci_core_route_table.routedogs": {
                    "type": "oci_core_route_table",
                    "depends_on": [
                        "oci_core_internet_gateway.internetdoggateway",
                        "oci_core_virtual_network.vcn_of_puppies"
                    ],
                    "primary": {
                        "id": "ocid1.routetable.oc1.iad.aaaaaaaa5dzny5i7uomsx5okhl7bh6nlhnvvikaduagf76zbxwlqaxi376mq",
                        "attributes": {
                            "compartment_id": "ocid1.compartment.oc1..aaaaaaaae42euv5wijdag5u3e7ivkaskkmazlohfwnkxdwxu7jxiixtfylhq",
                            "defined_tags.%": "0",
                            "display_name": "routedogs",
                            "freeform_tags.%": "0",
                            "id": "ocid1.routetable.oc1.iad.aaaaaaaa5dzny5i7uomsx5okhl7bh6nlhnvvikaduagf76zbxwlqaxi376mq",
                            "route_rules.#": "1",
                            "route_rules.3916637098.cidr_block": "0.0.0.0/0",
                            "route_rules.3916637098.destination": "0.0.0.0/0",
                            "route_rules.3916637098.destination_type": "CIDR_BLOCK",
                            "route_rules.3916637098.network_entity_id": "ocid1.internetgateway.oc1.iad.aaaaaaaagor7ud42kyimi7uckwgacu6jhzvuuo37sdlj3t5imuvwmfklnqja",
                            "state": "AVAILABLE",
                            "time_created": "2018-09-21 04:00:22.445 +0000 UTC",
                            "vcn_id": "ocid1.vcn.oc1.iad.aaaaaaaaccxsa7t7hkw5agqjud2a2qpenthf6ay3iuikqzv5w4betqysydha"
                        },
                        "meta": {
                            "e2bfb730-ecaa-11e6-8f88-34363bc7c4c0": {
                                "create": 900000000000,
                                "delete": 900000000000,
                                "update": 900000000000
                            }
                        },
                        "tainted": false
                    },
                    "deposed": [],
                    "provider": "provider.oci"
                },
                "oci_core_security_list.securitydog": {
                    "type": "oci_core_security_list",
                    "depends_on": [
                        "oci_core_virtual_network.vcn_of_puppies"
                    ],
                    "primary": {
                        "id": "ocid1.securitylist.oc1.iad.aaaaaaaalinqi5bgi4alp67rupeyggwcordcrjzdpezt2rzpaxndbcqvya4q",
                        "attributes": {
                            "compartment_id": "ocid1.compartment.oc1..aaaaaaaae42euv5wijdag5u3e7ivkaskkmazlohfwnkxdwxu7jxiixtfylhq",
                            "defined_tags.%": "0",
                            "display_name": "securitydog",
                            "egress_security_rules.#": "1",
                            "egress_security_rules.1582479153.destination": "0.0.0.0/0",
                            "egress_security_rules.1582479153.destination_type": "CIDR_BLOCK",
                            "egress_security_rules.1582479153.icmp_options.#": "0",
                            "egress_security_rules.1582479153.protocol": "all",
                            "egress_security_rules.1582479153.stateless": "false",
                            "egress_security_rules.1582479153.tcp_options.#": "0",
                            "egress_security_rules.1582479153.udp_options.#": "0",
                            "freeform_tags.%": "0",
                            "id": "ocid1.securitylist.oc1.iad.aaaaaaaalinqi5bgi4alp67rupeyggwcordcrjzdpezt2rzpaxndbcqvya4q",
                            "ingress_security_rules.#": "4",
                            "ingress_security_rules.2986978097.icmp_options.#": "0",
                            "ingress_security_rules.2986978097.protocol": "6",
                            "ingress_security_rules.2986978097.source": "0.0.0.0/0",
                            "ingress_security_rules.2986978097.source_type": "CIDR_BLOCK",
                            "ingress_security_rules.2986978097.stateless": "false",
                            "ingress_security_rules.2986978097.tcp_options.#": "1",
                            "ingress_security_rules.2986978097.tcp_options.0.max": "443",
                            "ingress_security_rules.2986978097.tcp_options.0.min": "443",
                            "ingress_security_rules.2986978097.tcp_options.0.source_port_range.#": "0",
                            "ingress_security_rules.2986978097.udp_options.#": "0",
                            "ingress_security_rules.3599032693.icmp_options.#": "0",
                            "ingress_security_rules.3599032693.protocol": "6",
                            "ingress_security_rules.3599032693.source": "0.0.0.0/0",
                            "ingress_security_rules.3599032693.source_type": "CIDR_BLOCK",
                            "ingress_security_rules.3599032693.stateless": "false",
                            "ingress_security_rules.3599032693.tcp_options.#": "1",
                            "ingress_security_rules.3599032693.tcp_options.0.max": "5100",
                            "ingress_security_rules.3599032693.tcp_options.0.min": "5100",
                            "ingress_security_rules.3599032693.tcp_options.0.source_port_range.#": "0",
                            "ingress_security_rules.3599032693.udp_options.#": "0",
                            "ingress_security_rules.3861548008.icmp_options.#": "0",
                            "ingress_security_rules.3861548008.protocol": "6",
                            "ingress_security_rules.3861548008.source": "0.0.0.0/0",
                            "ingress_security_rules.3861548008.source_type": "CIDR_BLOCK",
                            "ingress_security_rules.3861548008.stateless": "false",
                            "ingress_security_rules.3861548008.tcp_options.#": "1",
                            "ingress_security_rules.3861548008.tcp_options.0.max": "80",
                            "ingress_security_rules.3861548008.tcp_options.0.min": "80",
                            "ingress_security_rules.3861548008.tcp_options.0.source_port_range.#": "0",
                            "ingress_security_rules.3861548008.udp_options.#": "0",
                            "ingress_security_rules.47193274.icmp_options.#": "0",
                            "ingress_security_rules.47193274.protocol": "6",
                            "ingress_security_rules.47193274.source": "0.0.0.0/0",
                            "ingress_security_rules.47193274.source_type": "CIDR_BLOCK",
                            "ingress_security_rules.47193274.stateless": "false",
                            "ingress_security_rules.47193274.tcp_options.#": "1",
                            "ingress_security_rules.47193274.tcp_options.0.max": "22",
                            "ingress_security_rules.47193274.tcp_options.0.min": "22",
                            "ingress_security_rules.47193274.tcp_options.0.source_port_range.#": "0",
                            "ingress_security_rules.47193274.udp_options.#": "0",
                            "state": "AVAILABLE",
                            "time_created": "2018-09-21 04:00:21.791 +0000 UTC",
                            "vcn_id": "ocid1.vcn.oc1.iad.aaaaaaaaccxsa7t7hkw5agqjud2a2qpenthf6ay3iuikqzv5w4betqysydha"
                        },
                        "meta": {
                            "e2bfb730-ecaa-11e6-8f88-34363bc7c4c0": {
                                "create": 900000000000,
                                "delete": 900000000000,
                                "update": 900000000000
                            }
                        },
                        "tainted": false
                    },
                    "deposed": [],
                    "provider": "provider.oci"
                },
                "oci_core_subnet.subnet_dog": {
                    "type": "oci_core_subnet",
                    "depends_on": [
                        "data.oci_identity_availability_domains.ADs",
                        "oci_core_route_table.routedogs",
                        "oci_core_security_list.securitydog",
                        "oci_core_virtual_network.vcn_of_puppies"
                    ],
                    "primary": {
                        "id": "ocid1.subnet.oc1.iad.aaaaaaaa45uugasgmqs2cyqit46k6fuvbtfxaaumqigrcxroqkouxtcb6tja",
                        "attributes": {
                            "availability_domain": "KQVA:US-ASHBURN-AD-3",
                            "cidr_block": "10.0.1.0/24",
                            "compartment_id": "ocid1.compartment.oc1..aaaaaaaae42euv5wijdag5u3e7ivkaskkmazlohfwnkxdwxu7jxiixtfylhq",
                            "defined_tags.%": "0",
                            "dhcp_options_id": "ocid1.dhcpoptions.oc1.iad.aaaaaaaasnc2vnpei47ezgnqhugh72hj7eqd6kppebf6i57xp3y22fvwa6vq",
                            "display_name": "subnet_dog",
                            "dns_label": "subnetdog",
                            "freeform_tags.%": "0",
                            "id": "ocid1.subnet.oc1.iad.aaaaaaaa45uugasgmqs2cyqit46k6fuvbtfxaaumqigrcxroqkouxtcb6tja",
                            "prohibit_public_ip_on_vnic": "false",
                            "route_table_id": "ocid1.routetable.oc1.iad.aaaaaaaa5dzny5i7uomsx5okhl7bh6nlhnvvikaduagf76zbxwlqaxi376mq",
                            "security_list_ids.#": "2",
                            "security_list_ids.3471693516": "ocid1.securitylist.oc1.iad.aaaaaaaalinqi5bgi4alp67rupeyggwcordcrjzdpezt2rzpaxndbcqvya4q",
                            "security_list_ids.390002192": "ocid1.securitylist.oc1.iad.aaaaaaaadgod567fxocylvxc36oukauekry6jzqydalzee5bvjyefjuv6kza",
                            "state": "AVAILABLE",
                            "subnet_domain_name": "subnetdog.vcnofpuppies.oraclevcn.com",
                            "time_created": "2018-09-21 04:00:23.335 +0000 UTC",
                            "vcn_id": "ocid1.vcn.oc1.iad.aaaaaaaaccxsa7t7hkw5agqjud2a2qpenthf6ay3iuikqzv5w4betqysydha",
                            "virtual_router_ip": "10.0.1.1",
                            "virtual_router_mac": "00:00:17:76:64:83"
                        },
                        "meta": {
                            "e2bfb730-ecaa-11e6-8f88-34363bc7c4c0": {
                                "create": 900000000000,
                                "delete": 900000000000,
                                "update": 900000000000
                            }
                        },
                        "tainted": false
                    },
                    "deposed": [],
                    "provider": "provider.oci"
                },
                "oci_core_virtual_network.vcn_of_puppies": {
                    "type": "oci_core_virtual_network",
                    "depends_on": [],
                    "primary": {
                        "id": "ocid1.vcn.oc1.iad.aaaaaaaaccxsa7t7hkw5agqjud2a2qpenthf6ay3iuikqzv5w4betqysydha",
                        "attributes": {
                            "cidr_block": "10.0.0.0/16",
                            "compartment_id": "ocid1.compartment.oc1..aaaaaaaae42euv5wijdag5u3e7ivkaskkmazlohfwnkxdwxu7jxiixtfylhq",
                            "default_dhcp_options_id": "ocid1.dhcpoptions.oc1.iad.aaaaaaaasnc2vnpei47ezgnqhugh72hj7eqd6kppebf6i57xp3y22fvwa6vq",
                            "default_route_table_id": "ocid1.routetable.oc1.iad.aaaaaaaa2akhotucgwxcg57o6qcrg2hawk5qc33wlftwtlv6zsircf6eofnq",
                            "default_security_list_id": "ocid1.securitylist.oc1.iad.aaaaaaaadgod567fxocylvxc36oukauekry6jzqydalzee5bvjyefjuv6kza",
                            "defined_tags.%": "0",
                            "display_name": "vcn_of_puppies",
                            "dns_label": "vcnofpuppies",
                            "freeform_tags.%": "0",
                            "id": "ocid1.vcn.oc1.iad.aaaaaaaaccxsa7t7hkw5agqjud2a2qpenthf6ay3iuikqzv5w4betqysydha",
                            "state": "AVAILABLE",
                            "time_created": "2018-09-21 04:00:21.231 +0000 UTC",
                            "vcn_domain_name": "vcnofpuppies.oraclevcn.com"
                        },
                        "meta": {
                            "e2bfb730-ecaa-11e6-8f88-34363bc7c4c0": {
                                "create": 900000000000,
                                "delete": 900000000000,
                                "update": 900000000000
                            }
                        },
                        "tainted": false
                    },
                    "deposed": [],
                    "provider": "provider.oci"
                },
                "oci_objectstorage_bucket.bucket": {
                    "type": "oci_objectstorage_bucket",
                    "depends_on": [
                        "data.oci_objectstorage_namespace.ns"
                    ],
                    "primary": {
                        "id": "gse00015178/DogBucket",
                        "attributes": {
                            "access_type": "NoPublicAccess",
                            "compartment_id": "ocid1.compartment.oc1..aaaaaaaae42euv5wijdag5u3e7ivkaskkmazlohfwnkxdwxu7jxiixtfylhq",
                            "created_by": "ocid1.user.oc1..aaaaaaaaixphz3bjgu5iva7jestp72lqbi4iqlf2yos7gwqjqvpiscpbdhmq",
                            "defined_tags.%": "0",
                            "etag": "c8162ad2-23c4-47c7-b614-be5ef38fecbe",
                            "freeform_tags.%": "0",
                            "id": "gse00015178/DogBucket",
                            "metadata.%": "0",
                            "name": "DogBucket",
                            "namespace": "gse00015178",
                            "storage_tier": "Standard",
                            "time_created": "2018-09-21 05:45:18.868 +0000 UTC"
                        },
                        "meta": {
                            "e2bfb730-ecaa-11e6-8f88-34363bc7c4c0": {
                                "create": 900000000000,
                                "delete": 900000000000,
                                "update": 900000000000
                            }
                        },
                        "tainted": false
                    },
                    "deposed": [],
                    "provider": "provider.oci"
                }
            },
            "depends_on": []
        }
    ]
}

